Microsoft Visual Studio Solution File, Format Version 12.00
# Visual Studio Version 17
VisualStudioVersion = 17.5.2.0
MinimumVisualStudioVersion = 10.0.40219.1
Project("{FAE04EC0-301F-11D3-BF4B-00C04F79EFBC}") = "AutoFixer", "AutoFixer\AutoFixer.csproj", "{64D45081-BEB7-A69E-5247-3BB2637C18C6}"
EndProject
Global
	GlobalSection(SolutionConfigurationPlatforms) = preSolution
		Debug|Any CPU = Debug|Any CPU
		Release|Any CPU = Release|Any CPU
	EndGlobalSection
	GlobalSection(ProjectConfigurationPlatforms) = postSolution
		{64D45081-BEB7-A69E-5247-3BB2637C18C6}.Debug|Any CPU.ActiveCfg = Debug|Any CPU
		{64D45081-BEB7-A69E-5247-3BB2637C18C6}.Debug|Any CPU.Build.0 = Debug|Any CPU
		{64D45081-BEB7-A69E-5247-3BB2637C18C6}.Release|Any CPU.ActiveCfg = Release|Any CPU
		{64D45081-BEB7-A69E-5247-3BB2637C18C6}.Release|Any CPU.Build.0 = Release|Any CPU
	EndGlobalSection
	GlobalSection(SolutionProperties) = preSolution
		HideSolutionNode = FALSE
	EndGlobalSection
	GlobalSection(ExtensibilityGlobals) = postSolution
		SolutionGuid = {31CA4567-787D-4319-B67C-7025212DEA32}
	EndGlobalSection
EndGlobal
